
Microsoft Visual Studio Solution File, Format Version 12.00
# Visual Studio Version 17
VisualStudioVersion = 17.5.002.0
MinimumVisualStudioVersion = 10.0.40219.1
Project("{9A19103F-16F7-4668-BE54-9A1E7A4F7556}") = "dotnetsample", "dotnetsample.csproj", "{6EBAE288-DAE5-4740-9328-1018834158A8}"
EndProject
Global
	GlobalSection(SolutionConfigurationPlatforms) = preSolution
		Debug|Any CPU = Debug|Any CPU
		Release|Any CPU = Release|Any CPU
	EndGlobalSection
	GlobalSection(ProjectConfigurationPlatforms) = postSolution
		{6EBAE288-DAE5-4740-9328-1018834158A8}.Debug|Any CPU.ActiveCfg = Debug|Any CPU
		{6EBAE288-DAE5-4740-9328-1018834158A8}.Debug|Any CPU.Build.0 = Debug|Any CPU
		{6EBAE288-DAE5-4740-9328-1018834158A8}.Release|Any CPU.ActiveCfg = Release|Any CPU
		{6EBAE288-DAE5-4740-9328-1018834158A8}.Release|Any CPU.Build.0 = Release|Any CPU
	EndGlobalSection
	GlobalSection(SolutionProperties) = preSolution
		HideSolutionNode = FALSE
	EndGlobalSection
	GlobalSection(ExtensibilityGlobals) = postSolution
		SolutionGuid = {6AB31266-3ADB-4B07-ACC1-A9116BC5E10D}
	EndGlobalSection
EndGlobal
